<?xml version="1.0" encoding="utf-8"?>
<Project ToolsVersion="4.0" xmlns="http://schemas.microsoft.com/developer/msbuild/2003">
  <ItemGroup>
    <Filter Include="Source Files">
      <UniqueIdentifier>{4FC737F1-C7A5-4376-A066-2A32D752A2FF}</UniqueIdentifier>
      <Extensions>cpp;c;cc;cxx;def;odl;idl;hpj;bat;asm;asmx</Extensions>
    </Filter>
    <Filter Include="Header Files">
      <UniqueIdentifier>{93995380-89BD-4b04-88EB-625FBE52EBFB}</UniqueIdentifier>
      <Extensions>h;hh;hpp;hxx;hm;inl;inc;xsd</Extensions>
    </Filter>
    <Filter Include="Resource Files">
      <UniqueIdentifier>{67DA6AB6-F800-4c08-8B7A-83BB121AAD01}</UniqueIdentifier>
      <Extensions>rc;ico;cur;bmp;dlg;rc2;rct;bin;rgs;gif;jpg;jpeg;jpe;resx;tiff;tif;png;wav;mfcribbon-ms</Extensions>
    </Filter>
    <Filter Include="Source Files\Lidar">
      <UniqueIdentifier>{8cf15c3b-aac8-45ae-b925-126d98109d99}</UniqueIdentifier>
    </Filter>
  </ItemGroup>
  <ItemGroup>
    <ClCompile Include="app.cpp">
      <Filter>Source Files</Filter>
    </ClCompile>
    <ClCompile Include="mainFrame.cpp">
      <Filter>Source Files</Filter>
    </ClCompile>
    <ClCompile Include="HplHeader.cpp">
      <Filter>Source Files</Filter>
    </ClCompile>
    <ClCompile Include="HplProfile.cpp">
      <Filter>Source Files</Filter>
    </ClCompile>
    <ClCompile Include="Plotting.cpp">
      <Filter>Source Files</Filter>
    </ClCompile>
    <ClCompile Include="FolderChangesLister.cpp">
      <Filter>Source Files</Filter>
    </ClCompile>
    <ClCompile Include="Campbell.cpp">
      <Filter>Source Files</Filter>
    </ClCompile>
    <ClCompile Include="AmfNc.cpp">
      <Filter>Source Files</Filter>
    </ClCompile>
    <ClCompile Include="ceilometer.cpp">
      <Filter>Source Files</Filter>
    </ClCompile>
    <ClCompile Include="LidarStareProcessor.cpp">
      <Filter>Source Files\Lidar</Filter>
    </ClCompile>
    <ClCompile Include="LidarWindProfileProcessor.cpp">
      <Filter>Source Files\Lidar</Filter>
    </ClCompile>
  </ItemGroup>
  <ItemGroup>
    <ClInclude Include="app.h">
      <Filter>Header Files</Filter>
    </ClInclude>
    <ClInclude Include="mainFrame.h">
      <Filter>Header Files</Filter>
    </ClInclude>
    <ClInclude Include="HplHeader.h">
      <Filter>Header Files</Filter>
    </ClInclude>
    <ClInclude Include="HplProfile.h">
      <Filter>Header Files</Filter>
    </ClInclude>
    <ClInclude Include="Plotting.h">
      <Filter>Header Files</Filter>
    </ClInclude>
    <ClInclude Include="ProgressReporter.h">
      <Filter>Header Files</Filter>
    </ClInclude>
    <ClInclude Include="TextCtrlProgressReporter.h">
      <Filter>Header Files</Filter>
    </ClInclude>
    <ClInclude Include="FolderChangesLister.h">
      <Filter>Header Files</Filter>
    </ClInclude>
    <ClInclude Include="Campbell.h">
      <Filter>Header Files</Filter>
    </ClInclude>
    <ClInclude Include="Ceilometer.h">
      <Filter>Header Files</Filter>
    </ClInclude>
    <ClInclude Include="AmfNc.h">
      <Filter>Header Files</Filter>
    </ClInclude>
    <ClInclude Include="Units.h">
      <Filter>Header Files</Filter>
    </ClInclude>
    <ClInclude Include="Lidar.h">
      <Filter>Header Files</Filter>
    </ClInclude>
  </ItemGroup>
</Project>